<?xml version="1.0" encoding="utf-8"?>
<Project ToolsVersion="4.0" xmlns="http://schemas.microsoft.com/developer/msbuild/2003">
  <ItemGroup>
    <ClCompile Include="battery.cpp" />
    <ClCompile Include="gameObject.cpp" />
    <ClCompile Include="gameScene.cpp" />
    <ClCompile Include="inputManager.cpp" />
    <ClCompile Include="lobbyScene.cpp" />
    <ClCompile Include="Player.cpp" />
    <ClCompile Include="scene.cpp" />
    <ClCompile Include="sceneManager.cpp" />
    <ClCompile Include="Source.cpp" />
    <ClCompile Include="tile.cpp" />
    <ClCompile Include="tManager.cpp" />
    <ClCompile Include="uiImage.cpp" />
    <ClCompile Include="menuScene.cpp" />
    <ClCompile Include="timer.cpp" />
    <ClCompile Include="button.cpp" />
    <ClCompile Include="scoreManager.cpp" />
    <ClCompile Include="uiScore.cpp" />
    <ClCompile Include="endScene.cpp" />
  </ItemGroup>
  <ItemGroup>
    <ClInclude Include="battery.h" />
    <ClInclude Include="gameObject.h" />
    <ClInclude Include="gameScene.h" />
    <ClInclude Include="inputManager.h" />
    <ClInclude Include="lobbyScene.h" />
    <ClInclude Include="Player.h" />
    <ClInclude Include="scene.h" />
    <ClInclude Include="sceneManager.h" />
    <ClInclude Include="tile.h" />
    <ClInclude Include="tManager.h" />
    <ClInclude Include="uiImage.h" />
    <ClInclude Include="menuScene.h" />
    <ClInclude Include="timer.h" />
    <ClInclude Include="button.h" />
    <ClInclude Include="scoreManager.h" />
    <ClInclude Include="uiScore.h" />
    <ClInclude Include="endScene.h" />
  </ItemGroup>
</Project>